
Microsoft Visual Studio Solution File, Format Version 12.00
# Visual Studio 15
VisualStudioVersion = 15.0.27130.2027
MinimumVisualStudioVersion = 10.0.40219.1
Project("{FAE04EC0-301F-11D3-BF4B-00C04F79EFBC}") = "PacManGame", "WorldDrawTest\PacManGame.csproj", "{CD5B1D4E-B09B-4F35-83D6-C2EA96894432}"
EndProject
Global
	GlobalSection(SolutionConfigurationPlatforms) = preSolution
		Debug|Any CPU = Debug|Any CPU
		Release|Any CPU = Release|Any CPU
	EndGlobalSection
	GlobalSection(ProjectConfigurationPlatforms) = postSolution
		{CD5B1D4E-B09B-4F35-83D6-C2EA96894432}.Debug|Any CPU.ActiveCfg = Debug|Any CPU
		{CD5B1D4E-B09B-4F35-83D6-C2EA96894432}.Debug|Any CPU.Build.0 = Debug|Any CPU
		{CD5B1D4E-B09B-4F35-83D6-C2EA96894432}.Release|Any CPU.ActiveCfg = Release|Any CPU
		{CD5B1D4E-B09B-4F35-83D6-C2EA96894432}.Release|Any CPU.Build.0 = Release|Any CPU
	EndGlobalSection
	GlobalSection(SolutionProperties) = preSolution
		HideSolutionNode = FALSE
	EndGlobalSection
	GlobalSection(ExtensibilityGlobals) = postSolution
		SolutionGuid = {136ED289-0F42-403E-B5E9-7B16545B44CF}
	EndGlobalSection
EndGlobal
